// !$*UTF8*$!
{
	archiveVersion = 1;
	classes = {
	};
	objectVersion = 56;
	objects = {

/* Begin PBXBuildFile section */
		65917C282A4751B300272D88 /* BentTakeHomeApp.swift in Sources */ = {isa = PBXBuildFile; fileRef = 65917C272A4751B300272D88 /* BentTakeHomeApp.swift */; };
		65917C2C2A4751B400272D88 /* Assets.xcassets in Resources */ = {isa = PBXBuildFile; fileRef = 65917C2B2A4751B400272D88 /* Assets.xcassets */; };
		65917C2F2A4751B400272D88 /* Preview Assets.xcassets in Resources */ = {isa = PBXBuildFile; fileRef = 65917C2E2A4751B400272D88 /* Preview Assets.xcassets */; };
		65917C392A4751B400272D88 /* BentTakeHomeTests.swift in Sources */ = {isa = PBXBuildFile; fileRef = 65917C382A4751B400272D88 /* BentTakeHomeTests.swift */; };
		65917C432A4751B400272D88 /* BentTakeHomeUITests.swift in Sources */ = {isa = PBXBuildFile; fileRef = 65917C422A4751B400272D88 /* BentTakeHomeUITests.swift */; };
		65917C452A4751B400272D88 /* BentTakeHomeUITestsLaunchTests.swift in Sources */ = {isa = PBXBuildFile; fileRef = 65917C442A4751B400272D88 /* BentTakeHomeUITestsLaunchTests.swift */; };
		65917C532A47528200272D88 /* Color+Branding.swift in Sources */ = {isa = PBXBuildFile; fileRef = 65917C522A47528200272D88 /* Color+Branding.swift */; };
		65917C562A4753CF00272D88 /* Community.swift in Sources */ = {isa = PBXBuildFile; fileRef = 65917C552A4753CF00272D88 /* Community.swift */; };
		65917C582A47545400272D88 /* User.swift in Sources */ = {isa = PBXBuildFile; fileRef = 65917C572A47545400272D88 /* User.swift */; };
		65917C5A2A47573A00272D88 /* BentPrimaryButton.swift in Sources */ = {isa = PBXBuildFile; fileRef = 65917C592A47573A00272D88 /* BentPrimaryButton.swift */; };
		65917C5D2A4757FD00272D88 /* LoggedOutView.swift in Sources */ = {isa = PBXBuildFile; fileRef = 65917C5C2A4757FD00272D88 /* LoggedOutView.swift */; };
		65917C5F2A475B3000272D88 /* BentSecondaryButton.swift in Sources */ = {isa = PBXBuildFile; fileRef = 65917C5E2A475B2F00272D88 /* BentSecondaryButton.swift */; };
		65917C632A47605100272D88 /* LoggedOutViewModel.swift in Sources */ = {isa = PBXBuildFile; fileRef = 65917C622A47605100272D88 /* LoggedOutViewModel.swift */; };
		65917C652A4760DF00272D88 /* String+ImageAssets.swift in Sources */ = {isa = PBXBuildFile; fileRef = 65917C642A4760DF00272D88 /* String+ImageAssets.swift */; };
		65917C672A4761E800272D88 /* NewUserRootView.swift in Sources */ = {isa = PBXBuildFile; fileRef = 65917C662A4761E800272D88 /* NewUserRootView.swift */; };
		65917C692A47635A00272D88 /* NewUserRouter.swift in Sources */ = {isa = PBXBuildFile; fileRef = 65917C682A47635A00272D88 /* NewUserRouter.swift */; };
		65917C6B2A476E3500272D88 /* UINavigationController+BackButtonDisplayMode.swift in Sources */ = {isa = PBXBuildFile; fileRef = 65917C6A2A476E3500272D88 /* UINavigationController+BackButtonDisplayMode.swift */; };
		65917C6E2A47763800272D88 /* InviteView.swift in Sources */ = {isa = PBXBuildFile; fileRef = 65917C6D2A47763800272D88 /* InviteView.swift */; };
/* End PBXBuildFile section */

/* Begin PBXContainerItemProxy section */
		65917C352A4751B400272D88 /* PBXContainerItemProxy */ = {
			isa = PBXContainerItemProxy;
			containerPortal = 65917C1C2A4751B300272D88 /* Project object */;
			proxyType = 1;
			remoteGlobalIDString = 65917C232A4751B300272D88;
			remoteInfo = BentTakeHome;
		};
		65917C3F2A4751B400272D88 /* PBXContainerItemProxy */ = {
			isa = PBXContainerItemProxy;
			containerPortal = 65917C1C2A4751B300272D88 /* Project object */;
			proxyType = 1;
			remoteGlobalIDString = 65917C232A4751B300272D88;
			remoteInfo = BentTakeHome;
		};
/* End PBXContainerItemProxy section */

/* Begin PBXFileReference section */
		65917C242A4751B300272D88 /* BentTakeHome.app */ = {isa = PBXFileReference; explicitFileType = wrapper.application; includeInIndex = 0; path = BentTakeHome.app; sourceTree = BUILT_PRODUCTS_DIR; };
		65917C272A4751B300272D88 /* BentTakeHomeApp.swift */ = {isa = PBXFileReference; lastKnownFileType = sourcecode.swift; path = BentTakeHomeApp.swift; sourceTree = "<group>"; };
		65917C2B2A4751B400272D88 /* Assets.xcassets */ = {isa = PBXFileReference; lastKnownFileType = folder.assetcatalog; path = Assets.xcassets; sourceTree = "<group>"; };
		65917C2E2A4751B400272D88 /* Preview Assets.xcassets */ = {isa = PBXFileReference; lastKnownFileType = folder.assetcatalog; path = "Preview Assets.xcassets"; sourceTree = "<group>"; };
		65917C342A4751B400272D88 /* BentTakeHomeTests.xctest */ = {isa = PBXFileReference; explicitFileType = wrapper.cfbundle; includeInIndex = 0; path = BentTakeHomeTests.xctest; sourceTree = BUILT_PRODUCTS_DIR; };
		65917C382A4751B400272D88 /* BentTakeHomeTests.swift */ = {isa = PBXFileReference; lastKnownFileType = sourcecode.swift; path = BentTakeHomeTests.swift; sourceTree = "<group>"; };
		65917C3E2A4751B400272D88 /* BentTakeHomeUITests.xctest */ = {isa = PBXFileReference; explicitFileType = wrapper.cfbundle; includeInIndex = 0; path = BentTakeHomeUITests.xctest; sourceTree = BUILT_PRODUCTS_DIR; };
		65917C422A4751B400272D88 /* BentTakeHomeUITests.swift */ = {isa = PBXFileReference; lastKnownFileType = sourcecode.swift; path = BentTakeHomeUITests.swift; sourceTree = "<group>"; };
		65917C442A4751B400272D88 /* BentTakeHomeUITestsLaunchTests.swift */ = {isa = PBXFileReference; lastKnownFileType = sourcecode.swift; path = BentTakeHomeUITestsLaunchTests.swift; sourceTree = "<group>"; };
		65917C522A47528200272D88 /* Color+Branding.swift */ = {isa = PBXFileReference; lastKnownFileType = sourcecode.swift; path = "Color+Branding.swift"; sourceTree = "<group>"; };
		65917C552A4753CF00272D88 /* Community.swift */ = {isa = PBXFileReference; lastKnownFileType = sourcecode.swift; path = Community.swift; sourceTree = "<group>"; };
		65917C572A47545400272D88 /* User.swift */ = {isa = PBXFileReference; lastKnownFileType = sourcecode.swift; path = User.swift; sourceTree = "<group>"; };
		65917C592A47573A00272D88 /* BentPrimaryButton.swift */ = {isa = PBXFileReference; lastKnownFileType = sourcecode.swift; path = BentPrimaryButton.swift; sourceTree = "<group>"; };
		65917C5C2A4757FD00272D88 /* LoggedOutView.swift */ = {isa = PBXFileReference; lastKnownFileType = sourcecode.swift; path = LoggedOutView.swift; sourceTree = "<group>"; };
		65917C5E2A475B2F00272D88 /* BentSecondaryButton.swift */ = {isa = PBXFileReference; lastKnownFileType = sourcecode.swift; path = BentSecondaryButton.swift; sourceTree = "<group>"; };
		65917C622A47605100272D88 /* LoggedOutViewModel.swift */ = {isa = PBXFileReference; lastKnownFileType = sourcecode.swift; path = LoggedOutViewModel.swift; sourceTree = "<group>"; };
		65917C642A4760DF00272D88 /* String+ImageAssets.swift */ = {isa = PBXFileReference; lastKnownFileType = sourcecode.swift; path = "String+ImageAssets.swift"; sourceTree = "<group>"; };
		65917C662A4761E800272D88 /* NewUserRootView.swift */ = {isa = PBXFileReference; lastKnownFileType = sourcecode.swift; path = NewUserRootView.swift; sourceTree = "<group>"; };
		65917C682A47635A00272D88 /* NewUserRouter.swift */ = {isa = PBXFileReference; lastKnownFileType = sourcecode.swift; path = NewUserRouter.swift; sourceTree = "<group>"; };
		65917C6A2A476E3500272D88 /* UINavigationController+BackButtonDisplayMode.swift */ = {isa = PBXFileReference; lastKnownFileType = sourcecode.swift; path = "UINavigationController+BackButtonDisplayMode.swift"; sourceTree = "<group>"; };
		65917C6D2A47763800272D88 /* InviteView.swift */ = {isa = PBXFileReference; lastKnownFileType = sourcecode.swift; path = InviteView.swift; sourceTree = "<group>"; };
/* End PBXFileReference section */

/* Begin PBXFrameworksBuildPhase section */
		65917C212A4751B300272D88 /* Frameworks */ = {
			isa = PBXFrameworksBuildPhase;
			buildActionMask = 2147483647;
			files = (
			);
			runOnlyForDeploymentPostprocessing = 0;
		};
		65917C312A4751B400272D88 /* Frameworks */ = {
			isa = PBXFrameworksBuildPhase;
			buildActionMask = 2147483647;
			files = (
			);
			runOnlyForDeploymentPostprocessing = 0;
		};
		65917C3B2A4751B400272D88 /* Frameworks */ = {
			isa = PBXFrameworksBuildPhase;
			buildActionMask = 2147483647;
			files = (
			);
			runOnlyForDeploymentPostprocessing = 0;
		};
/* End PBXFrameworksBuildPhase section */

/* Begin PBXGroup section */
		65917C1B2A4751B300272D88 = {
			isa = PBXGroup;
			children = (
				65917C262A4751B300272D88 /* BentTakeHome */,
				65917C372A4751B400272D88 /* BentTakeHomeTests */,
				65917C412A4751B400272D88 /* BentTakeHomeUITests */,
				65917C252A4751B300272D88 /* Products */,
			);
			sourceTree = "<group>";
		};
		65917C252A4751B300272D88 /* Products */ = {
			isa = PBXGroup;
			children = (
				65917C242A4751B300272D88 /* BentTakeHome.app */,
				65917C342A4751B400272D88 /* BentTakeHomeTests.xctest */,
				65917C3E2A4751B400272D88 /* BentTakeHomeUITests.xctest */,
			);
			name = Products;
			sourceTree = "<group>";
		};
		65917C262A4751B300272D88 /* BentTakeHome */ = {
			isa = PBXGroup;
			children = (
				65917C272A4751B300272D88 /* BentTakeHomeApp.swift */,
				65917C5B2A4757B500272D88 /* NewUserFlow */,
				65917C542A4753C300272D88 /* Models */,
				65917C512A47526800272D88 /* Design */,
				65917C2B2A4751B400272D88 /* Assets.xcassets */,
				65917C2D2A4751B400272D88 /* Preview Content */,
			);
			path = BentTakeHome;
			sourceTree = "<group>";
		};
		65917C2D2A4751B400272D88 /* Preview Content */ = {
			isa = PBXGroup;
			children = (
				65917C2E2A4751B400272D88 /* Preview Assets.xcassets */,
			);
			path = "Preview Content";
			sourceTree = "<group>";
		};
		65917C372A4751B400272D88 /* BentTakeHomeTests */ = {
			isa = PBXGroup;
			children = (
				65917C382A4751B400272D88 /* BentTakeHomeTests.swift */,
			);
			path = BentTakeHomeTests;
			sourceTree = "<group>";
		};
		65917C412A4751B400272D88 /* BentTakeHomeUITests */ = {
			isa = PBXGroup;
			children = (
				65917C422A4751B400272D88 /* BentTakeHomeUITests.swift */,
				65917C442A4751B400272D88 /* BentTakeHomeUITestsLaunchTests.swift */,
			);
			path = BentTakeHomeUITests;
			sourceTree = "<group>";
		};
		65917C512A47526800272D88 /* Design */ = {
			isa = PBXGroup;
			children = (
				65917C522A47528200272D88 /* Color+Branding.swift */,
				65917C6A2A476E3500272D88 /* UINavigationController+BackButtonDisplayMode.swift */,
				65917C642A4760DF00272D88 /* String+ImageAssets.swift */,
				65917C602A475BDA00272D88 /* ButtonStyles */,
			);
			path = Design;
			sourceTree = "<group>";
		};
		65917C542A4753C300272D88 /* Models */ = {
			isa = PBXGroup;
			children = (
				65917C552A4753CF00272D88 /* Community.swift */,
				65917C572A47545400272D88 /* User.swift */,
			);
			path = Models;
			sourceTree = "<group>";
		};
		65917C5B2A4757B500272D88 /* NewUserFlow */ = {
			isa = PBXGroup;
			children = (
				65917C682A47635A00272D88 /* NewUserRouter.swift */,
				65917C662A4761E800272D88 /* NewUserRootView.swift */,
				65917C6C2A47762000272D88 /* InviteView */,
				65917C612A475FC600272D88 /* LoggedOutView */,
			);
			path = NewUserFlow;
			sourceTree = "<group>";
		};
		65917C602A475BDA00272D88 /* ButtonStyles */ = {
			isa = PBXGroup;
			children = (
				65917C592A47573A00272D88 /* BentPrimaryButton.swift */,
				65917C5E2A475B2F00272D88 /* BentSecondaryButton.swift */,
			);
			path = ButtonStyles;
			sourceTree = "<group>";
		};
		65917C612A475FC600272D88 /* LoggedOutView */ = {
			isa = PBXGroup;
			children = (
				65917C5C2A4757FD00272D88 /* LoggedOutView.swift */,
				65917C622A47605100272D88 /* LoggedOutViewModel.swift */,
			);
			path = LoggedOutView;
			sourceTree = "<group>";
		};
		65917C6C2A47762000272D88 /* InviteView */ = {
			isa = PBXGroup;
			children = (
				65917C6D2A47763800272D88 /* InviteView.swift */,
			);
			path = InviteView;
			sourceTree = "<group>";
		};
/* End PBXGroup section */

/* Begin PBXNativeTarget section */
		65917C232A4751B300272D88 /* BentTakeHome */ = {
			isa = PBXNativeTarget;
			buildConfigurationList = 65917C482A4751B400272D88 /* Build configuration list for PBXNativeTarget "BentTakeHome" */;
			buildPhases = (
				65917C202A4751B300272D88 /* Sources */,
				65917C212A4751B300272D88 /* Frameworks */,
				65917C222A4751B300272D88 /* Resources */,
			);
			buildRules = (
			);
			dependencies = (
			);
			name = BentTakeHome;
			productName = BentTakeHome;
			productReference = 65917C242A4751B300272D88 /* BentTakeHome.app */;
			productType = "com.apple.product-type.application";
		};
		65917C332A4751B400272D88 /* BentTakeHomeTests */ = {
			isa = PBXNativeTarget;
			buildConfigurationList = 65917C4B2A4751B400272D88 /* Build configuration list for PBXNativeTarget "BentTakeHomeTests" */;
			buildPhases = (
				65917C302A4751B400272D88 /* Sources */,
				65917C312A4751B400272D88 /* Frameworks */,
				65917C322A4751B400272D88 /* Resources */,
			);
			buildRules = (
			);
			dependencies = (
				65917C362A4751B400272D88 /* PBXTargetDependency */,
			);
			name = BentTakeHomeTests;
			productName = BentTakeHomeTests;
			productReference = 65917C342A4751B400272D88 /* BentTakeHomeTests.xctest */;
			productType = "com.apple.product-type.bundle.unit-test";
		};
		65917C3D2A4751B400272D88 /* BentTakeHomeUITests */ = {
			isa = PBXNativeTarget;
			buildConfigurationList = 65917C4E2A4751B400272D88 /* Build configuration list for PBXNativeTarget "BentTakeHomeUITests" */;
			buildPhases = (
				65917C3A2A4751B400272D88 /* Sources */,
				65917C3B2A4751B400272D88 /* Frameworks */,
				65917C3C2A4751B400272D88 /* Resources */,
			);
			buildRules = (
			);
			dependencies = (
				65917C402A4751B400272D88 /* PBXTargetDependency */,
			);
			name = BentTakeHomeUITests;
			productName = BentTakeHomeUITests;
			productReference = 65917C3E2A4751B400272D88 /* BentTakeHomeUITests.xctest */;
			productType = "com.apple.product-type.bundle.ui-testing";
		};
/* End PBXNativeTarget section */

/* Begin PBXProject section */
		65917C1C2A4751B300272D88 /* Project object */ = {
			isa = PBXProject;
			attributes = {
				BuildIndependentTargetsInParallel = 1;
				LastSwiftUpdateCheck = 1430;
				LastUpgradeCheck = 1430;
				TargetAttributes = {
					65917C232A4751B300272D88 = {
						CreatedOnToolsVersion = 14.3.1;
					};
					65917C332A4751B400272D88 = {
						CreatedOnToolsVersion = 14.3.1;
						TestTargetID = 65917C232A4751B300272D88;
					};
					65917C3D2A4751B400272D88 = {
						CreatedOnToolsVersion = 14.3.1;
						TestTargetID = 65917C232A4751B300272D88;
					};
				};
			};
			buildConfigurationList = 65917C1F2A4751B300272D88 /* Build configuration list for PBXProject "BentTakeHome" */;
			compatibilityVersion = "Xcode 14.0";
			developmentRegion = en;
			hasScannedForEncodings = 0;
			knownRegions = (
				en,
				Base,
			);
			mainGroup = 65917C1B2A4751B300272D88;
			productRefGroup = 65917C252A4751B300272D88 /* Products */;
			projectDirPath = "";
			projectRoot = "";
			targets = (
				65917C232A4751B300272D88 /* BentTakeHome */,
				65917C332A4751B400272D88 /* BentTakeHomeTests */,
				65917C3D2A4751B400272D88 /* BentTakeHomeUITests */,
			);
		};
/* End PBXProject section */

/* Begin PBXResourcesBuildPhase section */
		65917C222A4751B300272D88 /* Resources */ = {
			isa = PBXResourcesBuildPhase;
			buildActionMask = 2147483647;
			files = (
				65917C2F2A4751B400272D88 /* Preview Assets.xcassets in Resources */,
				65917C2C2A4751B400272D88 /* Assets.xcassets in Resources */,
			);
			runOnlyForDeploymentPostprocessing = 0;
		};
		65917C322A4751B400272D88 /* Resources */ = {
			isa = PBXResourcesBuildPhase;
			buildActionMask = 2147483647;
			files = (
			);
			runOnlyForDeploymentPostprocessing = 0;
		};
		65917C3C2A4751B400272D88 /* Resources */ = {
			isa = PBXResourcesBuildPhase;
			buildActionMask = 2147483647;
			files = (
			);
			runOnlyForDeploymentPostprocessing = 0;
		};
/* End PBXResourcesBuildPhase section */

/* Begin PBXSourcesBuildPhase section */
		65917C202A4751B300272D88 /* Sources */ = {
			isa = PBXSourcesBuildPhase;
			buildActionMask = 2147483647;
			files = (
				65917C672A4761E800272D88 /* NewUserRootView.swift in Sources */,
				65917C5D2A4757FD00272D88 /* LoggedOutView.swift in Sources */,
				65917C532A47528200272D88 /* Color+Branding.swift in Sources */,
				65917C5F2A475B3000272D88 /* BentSecondaryButton.swift in Sources */,
				65917C282A4751B300272D88 /* BentTakeHomeApp.swift in Sources */,
				65917C632A47605100272D88 /* LoggedOutViewModel.swift in Sources */,
				65917C6B2A476E3500272D88 /* UINavigationController+BackButtonDisplayMode.swift in Sources */,
				65917C652A4760DF00272D88 /* String+ImageAssets.swift in Sources */,
				65917C692A47635A00272D88 /* NewUserRouter.swift in Sources */,
				65917C582A47545400272D88 /* User.swift in Sources */,
				65917C6E2A47763800272D88 /* InviteView.swift in Sources */,
				65917C562A4753CF00272D88 /* Community.swift in Sources */,
				65917C5A2A47573A00272D88 /* BentPrimaryButton.swift in Sources */,
			);
			runOnlyForDeploymentPostprocessing = 0;
		};
		65917C302A4751B400272D88 /* Sources */ = {
			isa = PBXSourcesBuildPhase;
			buildActionMask = 2147483647;
			files = (
				65917C392A4751B400272D88 /* BentTakeHomeTests.swift in Sources */,
			);
			runOnlyForDeploymentPostprocessing = 0;
		};
		65917C3A2A4751B400272D88 /* Sources */ = {
			isa = PBXSourcesBuildPhase;
			buildActionMask = 2147483647;
			files = (
				65917C432A4751B400272D88 /* BentTakeHomeUITests.swift in Sources */,
				65917C452A4751B400272D88 /* BentTakeHomeUITestsLaunchTests.swift in Sources */,
			);
			runOnlyForDeploymentPostprocessing = 0;
		};
/* End PBXSourcesBuildPhase section */

/* Begin PBXTargetDependency section */
		65917C362A4751B400272D88 /* PBXTargetDependency */ = {
			isa = PBXTargetDependency;
			target = 65917C232A4751B300272D88 /* BentTakeHome */;
			targetProxy = 65917C352A4751B400272D88 /* PBXContainerItemProxy */;
		};
		65917C402A4751B400272D88 /* PBXTargetDependency */ = {
			isa = PBXTargetDependency;
			target = 65917C232A4751B300272D88 /* BentTakeHome */;
			targetProxy = 65917C3F2A4751B400272D88 /* PBXContainerItemProxy */;
		};
/* End PBXTargetDependency section */

/* Begin XCBuildConfiguration section */
		65917C462A4751B400272D88 /* Debug */ = {
			isa = XCBuildConfiguration;
			buildSettings = {
				ALWAYS_SEARCH_USER_PATHS = NO;
				CLANG_ANALYZER_NONNULL = YES;
				CLANG_ANALYZER_NUMBER_OBJECT_CONVERSION = YES_AGGRESSIVE;
				CLANG_CXX_LANGUAGE_STANDARD = "gnu++20";
				CLANG_ENABLE_MODULES = YES;
				CLANG_ENABLE_OBJC_ARC = YES;
				CLANG_ENABLE_OBJC_WEAK = YES;
				CLANG_WARN_BLOCK_CAPTURE_AUTORELEASING = YES;
				CLANG_WARN_BOOL_CONVERSION = YES;
				CLANG_WARN_COMMA = YES;
				CLANG_WARN_CONSTANT_CONVERSION = YES;
				CLANG_WARN_DEPRECATED_OBJC_IMPLEMENTATIONS = YES;
				CLANG_WARN_DIRECT_OBJC_ISA_USAGE = YES_ERROR;
				CLANG_WARN_DOCUMENTATION_COMMENTS = YES;
				CLANG_WARN_EMPTY_BODY = YES;
				CLANG_WARN_ENUM_CONVERSION = YES;
				CLANG_WARN_INFINITE_RECURSION = YES;
				CLANG_WARN_INT_CONVERSION = YES;
				CLANG_WARN_NON_LITERAL_NULL_CONVERSION = YES;
				CLANG_WARN_OBJC_IMPLICIT_RETAIN_SELF = YES;
				CLANG_WARN_OBJC_LITERAL_CONVERSION = YES;
				CLANG_WARN_OBJC_ROOT_CLASS = YES_ERROR;
				CLANG_WARN_QUOTED_INCLUDE_IN_FRAMEWORK_HEADER = YES;
				CLANG_WARN_RANGE_LOOP_ANALYSIS = YES;
				CLANG_WARN_STRICT_PROTOTYPES = YES;
				CLANG_WARN_SUSPICIOUS_MOVE = YES;
				CLANG_WARN_UNGUARDED_AVAILABILITY = YES_AGGRESSIVE;
				CLANG_WARN_UNREACHABLE_CODE = YES;
				CLANG_WARN__DUPLICATE_METHOD_MATCH = YES;
				COPY_PHASE_STRIP = NO;
				DEBUG_INFORMATION_FORMAT = dwarf;
				ENABLE_STRICT_OBJC_MSGSEND = YES;
				ENABLE_TESTABILITY = YES;
				GCC_C_LANGUAGE_STANDARD = gnu11;
				GCC_DYNAMIC_NO_PIC = NO;
				GCC_NO_COMMON_BLOCKS = YES;
				GCC_OPTIMIZATION_LEVEL = 0;
				GCC_PREPROCESSOR_DEFINITIONS = (
					"DEBUG=1",
					"$(inherited)",
				);
				GCC_WARN_64_TO_32_BIT_CONVERSION = YES;
				GCC_WARN_ABOUT_RETURN_TYPE = YES_ERROR;
				GCC_WARN_UNDECLARED_SELECTOR = YES;
				GCC_WARN_UNINITIALIZED_AUTOS = YES_AGGRESSIVE;
				GCC_WARN_UNUSED_FUNCTION = YES;
				GCC_WARN_UNUSED_VARIABLE = YES;
				IPHONEOS_DEPLOYMENT_TARGET = 16.4;
				MTL_ENABLE_DEBUG_INFO = INCLUDE_SOURCE;
				MTL_FAST_MATH = YES;
				ONLY_ACTIVE_ARCH = YES;
				SDKROOT = iphoneos;
				SWIFT_ACTIVE_COMPILATION_CONDITIONS = DEBUG;
				SWIFT_OPTIMIZATION_LEVEL = "-Onone";
			};
			name = Debug;
		};
		65917C472A4751B400272D88 /* Release */ = {
			isa = XCBuildConfiguration;
			buildSettings = {
				ALWAYS_SEARCH_USER_PATHS = NO;
				CLANG_ANALYZER_NONNULL = YES;
				CLANG_ANALYZER_NUMBER_OBJECT_CONVERSION = YES_AGGRESSIVE;
				CLANG_CXX_LANGUAGE_STANDARD = "gnu++20";
				CLANG_ENABLE_MODULES = YES;
				CLANG_ENABLE_OBJC_ARC = YES;
				CLANG_ENABLE_OBJC_WEAK = YES;
				CLANG_WARN_BLOCK_CAPTURE_AUTORELEASING = YES;
				CLANG_WARN_BOOL_CONVERSION = YES;
				CLANG_WARN_COMMA = YES;
				CLANG_WARN_CONSTANT_CONVERSION = YES;
				CLANG_WARN_DEPRECATED_OBJC_IMPLEMENTATIONS = YES;
				CLANG_WARN_DIRECT_OBJC_ISA_USAGE = YES_ERROR;
				CLANG_WARN_DOCUMENTATION_COMMENTS = YES;
				CLANG_WARN_EMPTY_BODY = YES;
				CLANG_WARN_ENUM_CONVERSION = YES;
				CLANG_WARN_INFINITE_RECURSION = YES;
				CLANG_WARN_INT_CONVERSION = YES;
				CLANG_WARN_NON_LITERAL_NULL_CONVERSION = YES;
				CLANG_WARN_OBJC_IMPLICIT_RETAIN_SELF = YES;
				CLANG_WARN_OBJC_LITERAL_CONVERSION = YES;
				CLANG_WARN_OBJC_ROOT_CLASS = YES_ERROR;
				CLANG_WARN_QUOTED_INCLUDE_IN_FRAMEWORK_HEADER = YES;
				CLANG_WARN_RANGE_LOOP_ANALYSIS = YES;
				CLANG_WARN_STRICT_PROTOTYPES = YES;
				CLANG_WARN_SUSPICIOUS_MOVE = YES;
				CLANG_WARN_UNGUARDED_AVAILABILITY = YES_AGGRESSIVE;
				CLANG_WARN_UNREACHABLE_CODE = YES;
				CLANG_WARN__DUPLICATE_METHOD_MATCH = YES;
				COPY_PHASE_STRIP = NO;
				DEBUG_INFORMATION_FORMAT = "dwarf-with-dsym";
				ENABLE_NS_ASSERTIONS = NO;
				ENABLE_STRICT_OBJC_MSGSEND = YES;
				GCC_C_LANGUAGE_STANDARD = gnu11;
				GCC_NO_COMMON_BLOCKS = YES;
				GCC_WARN_64_TO_32_BIT_CONVERSION = YES;
				GCC_WARN_ABOUT_RETURN_TYPE = YES_ERROR;
				GCC_WARN_UNDECLARED_SELECTOR = YES;
				GCC_WARN_UNINITIALIZED_AUTOS = YES_AGGRESSIVE;
				GCC_WARN_UNUSED_FUNCTION = YES;
				GCC_WARN_UNUSED_VARIABLE = YES;
				IPHONEOS_DEPLOYMENT_TARGET = 16.4;
				MTL_ENABLE_DEBUG_INFO = NO;
				MTL_FAST_MATH = YES;
				SDKROOT = iphoneos;
				SWIFT_COMPILATION_MODE = wholemodule;
				SWIFT_OPTIMIZATION_LEVEL = "-O";
				VALIDATE_PRODUCT = YES;
			};
			name = Release;
		};
		65917C492A4751B400272D88 /* Debug */ = {
			isa = XCBuildConfiguration;
			buildSettings = {
				ASSETCATALOG_COMPILER_APPICON_NAME = AppIcon;
				ASSETCATALOG_COMPILER_GLOBAL_ACCENT_COLOR_NAME = AccentColor;
				CODE_SIGN_STYLE = Automatic;
				CURRENT_PROJECT_VERSION = 1;
				DEVELOPMENT_ASSET_PATHS = "\"BentTakeHome/Preview Content\"";
				DEVELOPMENT_TEAM = XWQQ29E97Q;
				ENABLE_PREVIEWS = YES;
				GENERATE_INFOPLIST_FILE = YES;
				INFOPLIST_KEY_UIApplicationSceneManifest_Generation = YES;
				INFOPLIST_KEY_UIApplicationSupportsIndirectInputEvents = YES;
				INFOPLIST_KEY_UILaunchScreen_Generation = YES;
				INFOPLIST_KEY_UIStatusBarStyle = UIStatusBarStyleDarkContent;
				INFOPLIST_KEY_UISupportedInterfaceOrientations_iPad = "UIInterfaceOrientationPortrait UIInterfaceOrientationPortraitUpsideDown UIInterfaceOrientationLandscapeLeft UIInterfaceOrientationLandscapeRight";
				INFOPLIST_KEY_UISupportedInterfaceOrientations_iPhone = "UIInterfaceOrientationPortrait UIInterfaceOrientationLandscapeLeft UIInterfaceOrientationLandscapeRight";
				LD_RUNPATH_SEARCH_PATHS = (
					"$(inherited)",
					"@executable_path/Frameworks",
				);
				MARKETING_VERSION = 1.0;
				PRODUCT_BUNDLE_IDENTIFIER = com.jonduenas.BentTakeHome;
				PRODUCT_NAME = "$(TARGET_NAME)";
				SWIFT_EMIT_LOC_STRINGS = YES;
				SWIFT_VERSION = 5.0;
				TARGETED_DEVICE_FAMILY = "1,2";
			};
			name = Debug;
		};
		65917C4A2A4751B400272D88 /* Release */ = {
			isa = XCBuildConfiguration;
			buildSettings = {
				ASSETCATALOG_COMPILER_APPICON_NAME = AppIcon;
				ASSETCATALOG_COMPILER_GLOBAL_ACCENT_COLOR_NAME = AccentColor;
				CODE_SIGN_STYLE = Automatic;
				CURRENT_PROJECT_VERSION = 1;
				DEVELOPMENT_ASSET_PATHS = "\"BentTakeHome/Preview Content\"";
				DEVELOPMENT_TEAM = XWQQ29E97Q;
				ENABLE_PREVIEWS = YES;
				GENERATE_INFOPLIST_FILE = YES;
				INFOPLIST_KEY_UIApplicationSceneManifest_Generation = YES;
				INFOPLIST_KEY_UIApplicationSupportsIndirectInputEvents = YES;
				INFOPLIST_KEY_UILaunchScreen_Generation = YES;
				INFOPLIST_KEY_UIStatusBarStyle = UIStatusBarStyleDarkContent;
				INFOPLIST_KEY_UISupportedInterfaceOrientations_iPad = "UIInterfaceOrientationPortrait UIInterfaceOrientationPortraitUpsideDown UIInterfaceOrientationLandscapeLeft UIInterfaceOrientationLandscapeRight";
				INFOPLIST_KEY_UISupportedInterfaceOrientations_iPhone = "UIInterfaceOrientationPortrait UIInterfaceOrientationLandscapeLeft UIInterfaceOrientationLandscapeRight";
				LD_RUNPATH_SEARCH_PATHS = (
					"$(inherited)",
					"@executable_path/Frameworks",
				);
				MARKETING_VERSION = 1.0;
				PRODUCT_BUNDLE_IDENTIFIER = com.jonduenas.BentTakeHome;
				PRODUCT_NAME = "$(TARGET_NAME)";
				SWIFT_EMIT_LOC_STRINGS = YES;
				SWIFT_VERSION = 5.0;
				TARGETED_DEVICE_FAMILY = "1,2";
			};
			name = Release;
		};
		65917C4C2A4751B400272D88 /* Debug */ = {
			isa = XCBuildConfiguration;
			buildSettings = {
				ALWAYS_EMBED_SWIFT_STANDARD_LIBRARIES = YES;
				BUNDLE_LOADER = "$(TEST_HOST)";
				CODE_SIGN_STYLE = Automatic;
				CURRENT_PROJECT_VERSION = 1;
				DEVELOPMENT_TEAM = XWQQ29E97Q;
				GENERATE_INFOPLIST_FILE = YES;
				IPHONEOS_DEPLOYMENT_TARGET = 16.4;
				MARKETING_VERSION = 1.0;
				PRODUCT_BUNDLE_IDENTIFIER = com.jonduenas.BentTakeHomeTests;
				PRODUCT_NAME = "$(TARGET_NAME)";
				SWIFT_EMIT_LOC_STRINGS = NO;
				SWIFT_VERSION = 5.0;
				TARGETED_DEVICE_FAMILY = "1,2";
				TEST_HOST = "$(BUILT_PRODUCTS_DIR)/BentTakeHome.app/$(BUNDLE_EXECUTABLE_FOLDER_PATH)/BentTakeHome";
			};
			name = Debug;
		};
		65917C4D2A4751B400272D88 /* Release */ = {
			isa = XCBuildConfiguration;
			buildSettings = {
				ALWAYS_EMBED_SWIFT_STANDARD_LIBRARIES = YES;
				BUNDLE_LOADER = "$(TEST_HOST)";
				CODE_SIGN_STYLE = Automatic;
				CURRENT_PROJECT_VERSION = 1;
				DEVELOPMENT_TEAM = XWQQ29E97Q;
				GENERATE_INFOPLIST_FILE = YES;
				IPHONEOS_DEPLOYMENT_TARGET = 16.4;
				MARKETING_VERSION = 1.0;
				PRODUCT_BUNDLE_IDENTIFIER = com.jonduenas.BentTakeHomeTests;
				PRODUCT_NAME = "$(TARGET_NAME)";
				SWIFT_EMIT_LOC_STRINGS = NO;
				SWIFT_VERSION = 5.0;
				TARGETED_DEVICE_FAMILY = "1,2";
				TEST_HOST = "$(BUILT_PRODUCTS_DIR)/BentTakeHome.app/$(BUNDLE_EXECUTABLE_FOLDER_PATH)/BentTakeHome";
			};
			name = Release;
		};
		65917C4F2A4751B400272D88 /* Debug */ = {
			isa = XCBuildConfiguration;
			buildSettings = {
				ALWAYS_EMBED_SWIFT_STANDARD_LIBRARIES = YES;
				CODE_SIGN_STYLE = Automatic;
				CURRENT_PROJECT_VERSION = 1;
				DEVELOPMENT_TEAM = XWQQ29E97Q;
				GENERATE_INFOPLIST_FILE = YES;
				MARKETING_VERSION = 1.0;
				PRODUCT_BUNDLE_IDENTIFIER = com.jonduenas.BentTakeHomeUITests;
				PRODUCT_NAME = "$(TARGET_NAME)";
				SWIFT_EMIT_LOC_STRINGS = NO;
				SWIFT_VERSION = 5.0;
				TARGETED_DEVICE_FAMILY = "1,2";
				TEST_TARGET_NAME = BentTakeHome;
			};
			name = Debug;
		};
		65917C502A4751B400272D88 /* Release */ = {
			isa = XCBuildConfiguration;
			buildSettings = {
				ALWAYS_EMBED_SWIFT_STANDARD_LIBRARIES = YES;
				CODE_SIGN_STYLE = Automatic;
				CURRENT_PROJECT_VERSION = 1;
				DEVELOPMENT_TEAM = XWQQ29E97Q;
				GENERATE_INFOPLIST_FILE = YES;
				MARKETING_VERSION = 1.0;
				PRODUCT_BUNDLE_IDENTIFIER = com.jonduenas.BentTakeHomeUITests;
				PRODUCT_NAME = "$(TARGET_NAME)";
				SWIFT_EMIT_LOC_STRINGS = NO;
				SWIFT_VERSION = 5.0;
				TARGETED_DEVICE_FAMILY = "1,2";
				TEST_TARGET_NAME = BentTakeHome;
			};
			name = Release;
		};
/* End XCBuildConfiguration section */

/* Begin XCConfigurationList section */
		65917C1F2A4751B300272D88 /* Build configuration list for PBXProject "BentTakeHome" */ = {
			isa = XCConfigurationList;
			buildConfigurations = (
				65917C462A4751B400272D88 /* Debug */,
				65917C472A4751B400272D88 /* Release */,
			);
			defaultConfigurationIsVisible = 0;
			defaultConfigurationName = Release;
		};
		65917C482A4751B400272D88 /* Build configuration list for PBXNativeTarget "BentTakeHome" */ = {
			isa = XCConfigurationList;
			buildConfigurations = (
				65917C492A4751B400272D88 /* Debug */,
				65917C4A2A4751B400272D88 /* Release */,
			);
			defaultConfigurationIsVisible = 0;
			defaultConfigurationName = Release;
		};
		65917C4B2A4751B400272D88 /* Build configuration list for PBXNativeTarget "BentTakeHomeTests" */ = {
			isa = XCConfigurationList;
			buildConfigurations = (
				65917C4C2A4751B400272D88 /* Debug */,
				65917C4D2A4751B400272D88 /* Release */,
			);
			defaultConfigurationIsVisible = 0;
			defaultConfigurationName = Release;
		};
		65917C4E2A4751B400272D88 /* Build configuration list for PBXNativeTarget "BentTakeHomeUITests" */ = {
			isa = XCConfigurationList;
			buildConfigurations = (
				65917C4F2A4751B400272D88 /* Debug */,
				65917C502A4751B400272D88 /* Release */,
			);
			defaultConfigurationIsVisible = 0;
			defaultConfigurationName = Release;
		};
/* End XCConfigurationList section */
	};
	rootObject = 65917C1C2A4751B300272D88 /* Project object */;
}
